PODS:
  - Alamofire (5.2.0)
  - DefaultsKit (0.2.0)
  - DeviceKit (3.2.0)
  - FDFullscreenPopGesture (1.1)
  - IceCream (1.13.1):
    - RealmSwift
  - KVOController (1.2.0)
  - Material (3.1.8):
    - Material/Core (= 3.1.8)
  - Material/Core (3.1.8):
    - Motion (~> 3.1.1)
  - Motion (3.1.3):
    - Motion/Core (= 3.1.3)
  - Motion/Core (3.1.3)
  - Moya/Core (14.0.0):
    - Alamofire (~> 5.0)
  - Moya/RxSwift (14.0.0):
    - Moya/Core
    - RxSwift (~> 5.0)
  - ObjectMapper (4.2.0)
  - Realm (5.0.0):
    - Realm/Headers (= 5.0.0)
  - Realm/Headers (5.0.0)
  - RealmSwift (5.0.0):
    - Realm (= 5.0.0)
  - RxSwift (5.1.1)
  - SnapKit (5.0.1)
  - SVProgressHUD (2.2.5)
  - SwiftyJSON (5.0.0)
  - "UINavigationItem+Margin (2.1.1)"

DEPENDENCIES:
  - DefaultsKit (from `https://github.com/nmdias/DefaultsKit`)
  - DeviceKit
  - FDFullscreenPopGesture
  - IceCream
  - KVOController
  - Material
  - Moya/RxSwift
  - ObjectMapper
  - SnapKit
  - SVProgressHUD
  - SwiftyJSON
  - "UINavigationItem+Margin"

SPEC REPOS:
  https://github.com/CocoaPods/Specs.git:
    - "UINavigationItem+Margin"
  trunk:
    - Alamofire
    - DeviceKit
    - FDFullscreenPopGesture
    - IceCream
    - KVOController
    - Material
    - Motion
    - Moya
    - ObjectMapper
    - Realm
    - RealmSwift
    - RxSwift
    - SnapKit
    - SVProgressHUD
    - SwiftyJSON

EXTERNAL SOURCES:
  DefaultsKit:
    :git: https://github.com/nmdias/DefaultsKit

CHECKOUT OPTIONS:
  DefaultsKit:
    :commit: 8078b01a5bd19d4c8f7465ba36e1639c420607a9
    :git: https://github.com/nmdias/DefaultsKit

SPEC CHECKSUMS:
  Alamofire: c1ca147559e730bfb2182c8c7aafbdd90a867987
  DefaultsKit: 6c767941b2c3fe34c4d70e300e6c3b80c94964dd
  DeviceKit: d081659419cce07c0b5239dbc9fb39ed7413c7fe
  FDFullscreenPopGesture: a8a620179e3d9c40e8e00256dcee1c1a27c6d0f0
  IceCream: 0447d87b55df85651dd60b15712cef64dbe1cb54
  KVOController: d72ace34afea42468329623b3379ab3cd1d286b6
  Material: a2a3f400a3b549d53ef89e56c58c4535b29db387
  Motion: cf1e060e489f6661126374d5c60dbd2ed991605c
  Moya: 5b45dacb75adb009f97fde91c204c1e565d31916
  ObjectMapper: 1eb41f610210777375fa806bf161dc39fb832b81
  Realm: 76066d333de26f97e9caedaa85ee3ff4a62ca265
  RealmSwift: c1bdff09b422569dc6881410d9ccf712bcdb79b0
  RxSwift: 81470a2074fa8780320ea5fe4102807cb7118178
  SnapKit: 97b92857e3df3a0c71833cce143274bf6ef8e5eb
  SVProgressHUD: 1428aafac632c1f86f62aa4243ec12008d7a51d6
  SwiftyJSON: 36413e04c44ee145039d332b4f4e2d3e8d6c4db7
  "UINavigationItem+Margin": 7368d506fb2f7daa0c0489846cc8c2384ab1ab6d

PODFILE CHECKSUM: 179f10f903da643b7f8bb2079d8f88b0f8e32323

COCOAPODS: 1.8.4
