PODS:
  - Alamofire (5.9.1)
  - CryptoSwift (1.8.3)
  - DefaultsKit (0.2.0)
  - DeviceKit (5.5.0)
  - Differentiator (5.0.0)
  - DropDown (2.3.13)
  - FDFullscreenPopGesture (1.1)
  - IQKeyboardManagerSwift (7.1.1)
  - Kingfisher (8.0.3)
  - KVOController (1.2.0)
  - Material (3.1.8):
    - Material/Core (= 3.1.8)
  - Material/Core (3.1.8):
    - Motion (~> 3.1.1)
  - MercariQRScanner (1.9.0)
  - MJRefresh (3.7.9)
  - Motion (3.1.3):
    - Motion/Core (= 3.1.3)
  - Motion/Core (3.1.3)
  - Moya/Core (15.0.0):
    - Alamofire (~> 5.0)
  - Moya/RxSwift (15.0.0):
    - Moya/Core
    - RxSwift (~> 6.0)
  - "NSObject+Rx (5.2.2)":
    - RxSwift (~> 6.2)
  - ObjectMapper (4.4.2)
  - PLCrashReporter (1.11.2)
  - Realm (20.0.0):
    - Realm/Headers (= 20.0.0)
  - Realm/Headers (20.0.0)
  - RealmSwift (20.0.0):
    - Realm (= 20.0.0)
  - RxCocoa (6.8.0):
    - RxRelay (= 6.8.0)
    - RxSwift (= 6.8.0)
  - RxDataSources (5.0.0):
    - Differentiator (~> 5.0)
    - RxCocoa (~> 6.0)
    - RxSwift (~> 6.0)
  - RxGesture (4.0.4):
    - RxCocoa (~> 6.0)
    - RxSwift (~> 6.0)
  - RxRelay (6.8.0):
    - RxSwift (= 6.8.0)
  - RxSwift (6.8.0)
  - SnapKit (5.7.1)
  - SVProgressHUD (2.3.1):
    - SVProgressHUD/Core (= 2.3.1)
  - SVProgressHUD/Core (2.3.1)
  - SwiftyJSON (5.0.2)

DEPENDENCIES:
  - CryptoSwift
  - DefaultsKit (from `https://github.com/nmdias/DefaultsKit`)
  - DeviceKit
  - DropDown
  - FDFullscreenPopGesture
  - IQKeyboardManagerSwift
  - Kingfisher
  - KVOController
  - Material
  - MercariQRScanner (from `https://github.com/Finb/QRScanner`)
  - MJRefresh
  - Moya/RxSwift
  - "NSObject+Rx"
  - ObjectMapper
  - PLCrashReporter
  - RealmSwift
  - RxCocoa
  - RxDataSources
  - RxGesture
  - RxSwift
  - SnapKit
  - SVProgressHUD
  - SwiftyJSON

SPEC REPOS:
  trunk:
    - Alamofire
    - CryptoSwift
    - DeviceKit
    - Differentiator
    - DropDown
    - FDFullscreenPopGesture
    - IQKeyboardManagerSwift
    - Kingfisher
    - KVOController
    - Material
    - MJRefresh
    - Motion
    - Moya
    - "NSObject+Rx"
    - ObjectMapper
    - PLCrashReporter
    - Realm
    - RealmSwift
    - RxCocoa
    - RxDataSources
    - RxGesture
    - RxRelay
    - RxSwift
    - SnapKit
    - SVProgressHUD
    - SwiftyJSON

EXTERNAL SOURCES:
  DefaultsKit:
    :git: https://github.com/nmdias/DefaultsKit
  MercariQRScanner:
    :git: https://github.com/Finb/QRScanner

CHECKOUT OPTIONS:
  DefaultsKit:
    :commit: c51ad1d66c4a84f26330399046b72c76cd39ddfd
    :git: https://github.com/nmdias/DefaultsKit
  MercariQRScanner:
    :commit: 2b123c1b1492adc68f561a5f392727fdc3f31bb0
    :git: https://github.com/Finb/QRScanner

SPEC CHECKSUMS:
  Alamofire: f36a35757af4587d8e4f4bfa223ad10be2422b8c
  CryptoSwift: 967f37cea5a3294d9cce358f78861652155be483
  DefaultsKit: 6c767941b2c3fe34c4d70e300e6c3b80c94964dd
  DeviceKit: d83e38ca196a4ebf0cc5f37d6f0316a24b794d5b
  Differentiator: e8497ceab83c1b10ca233716d547b9af21b9344d
  DropDown: 8a2116376c1981888557f72ec2ffc9a5e0e456ec
  FDFullscreenPopGesture: a8a620179e3d9c40e8e00256dcee1c1a27c6d0f0
  IQKeyboardManagerSwift: d7f3d3a562c237a0e7335e657cd598c452f57f1b
  Kingfisher: bbf78af014cc845cf9a799363f627b5212784165
  KVOController: d72ace34afea42468329623b3379ab3cd1d286b6
  Material: a2a3f400a3b549d53ef89e56c58c4535b29db387
  MercariQRScanner: cd024685242f78fe40879cca9734bb7bb2fceb93
  MJRefresh: ff9e531227924c84ce459338414550a05d2aea78
  Motion: cf1e060e489f6661126374d5c60dbd2ed991605c
  Moya: 138f0573e53411fb3dc17016add0b748dfbd78ee
  "NSObject+Rx": 61cf1f7306a73dcef8b36649198af0813ec18dfd
  ObjectMapper: e6e4d91ff7f2861df7aecc536c92d8363f4c9677
  PLCrashReporter: 499c53b0104f95c302d94fd723ebb03c56d9bac8
  Realm: a799b5f9145623fb0bfe149fe81422863631dd0f
  RealmSwift: f8c4354ebd5053343e6ab9f4eda244145308a51e
  RxCocoa: 2d33c1e1e5d66492052ad46b11024ae287572880
  RxDataSources: aa47cc1ed6c500fa0dfecac5c979b723542d79cf
  RxGesture: f3efb47ed2d26a8082f7b660d4a59970e275a7f8
  RxRelay: 335c78b926a2aea8d863a6d25f1ed3b5ad8e8705
  RxSwift: 4e28be97cbcfeee614af26d83415febbf2bf6f45
  SnapKit: d612e99e678a2d3b95bf60b0705ed0a35c03484a
  SVProgressHUD: 4837c74bdfe2e51e8821c397825996a8d7de6e22
  SwiftyJSON: f5b1bf1cd8dd53cd25887ac0eabcfd92301c6a5a

PODFILE CHECKSUM: c9560d9c6653dd0da638d1f49876c91a02632de6

COCOAPODS: 1.15.2
