// !$*UTF8*$!
{
	archiveVersion = 1;
	classes = {
	};
	objectVersion = 48;
	objects = {

/* Begin PBXBuildFile section */
		0603706720E1E31600F4CA05 /* Defines.swift in Sources */ = {isa = PBXBuildFile; fileRef = 0603706620E1E31600F4CA05 /* Defines.swift */; };
		0603706920E1F89500F4CA05 /* PreviewCardCell.swift in Sources */ = {isa = PBXBuildFile; fileRef = 0603706820E1F89500F4CA05 /* PreviewCardCell.swift */; };
		0603706B20E20A7C00F4CA05 /* String+Extension.swift in Sources */ = {isa = PBXBuildFile; fileRef = 0603706A20E20A7C00F4CA05 /* String+Extension.swift */; };
		0603706D20E23EC000F4CA05 /* BarkSFSafariViewController.swift in Sources */ = {isa = PBXBuildFile; fileRef = 0603706C20E23EC000F4CA05 /* BarkSFSafariViewController.swift */; };
		0604F7DF20620D4900B32F09 /* ServerManager.swift in Sources */ = {isa = PBXBuildFile; fileRef = 0604F7DE20620D4900B32F09 /* ServerManager.swift */; };
		0632CE1F20EC9098003FDF46 /* UserNotifications.framework in Frameworks */ = {isa = PBXBuildFile; fileRef = 0683487020510FB20024B6DA /* UserNotifications.framework */; };
		0632CE2020EC9098003FDF46 /* UserNotificationsUI.framework in Frameworks */ = {isa = PBXBuildFile; fileRef = 0683487220510FB20024B6DA /* UserNotificationsUI.framework */; };
		0632CE2320EC9098003FDF46 /* NotificationViewController.swift in Sources */ = {isa = PBXBuildFile; fileRef = 0632CE2220EC9098003FDF46 /* NotificationViewController.swift */; };
		0632CE2620EC9098003FDF46 /* MainInterface.storyboard in Resources */ = {isa = PBXBuildFile; fileRef = 0632CE2420EC9098003FDF46 /* MainInterface.storyboard */; };
		0632CE2A20EC9098003FDF46 /* NotificationContentExtension.appex in Embed App Extensions */ = {isa = PBXBuildFile; fileRef = 0632CE1E20EC9098003FDF46 /* NotificationContentExtension.appex */; settings = {ATTRIBUTES = (RemoveHeadersOnCopy, ); }; };
		0637FA7820E0926D00E80174 /* BarkTargetType.swift in Sources */ = {isa = PBXBuildFile; fileRef = 0637FA7720E0926D00E80174 /* BarkTargetType.swift */; };
		0637FA7A20E092B300E80174 /* Observable+Extension.swift in Sources */ = {isa = PBXBuildFile; fileRef = 0637FA7920E092B300E80174 /* Observable+Extension.swift */; };
		0637FA7C20E0930E00E80174 /* BarkApi.swift in Sources */ = {isa = PBXBuildFile; fileRef = 0637FA7B20E0930E00E80174 /* BarkApi.swift */; };
		0637FA7E20E0969800E80174 /* Client.swift in Sources */ = {isa = PBXBuildFile; fileRef = 0637FA7D20E0969800E80174 /* Client.swift */; };
		0637FA8020E0981E00E80174 /* BarkSettings.swift in Sources */ = {isa = PBXBuildFile; fileRef = 0637FA7F20E0981E00E80174 /* BarkSettings.swift */; };
		0637FA8220E09C4B00E80174 /* BarkNavigationController.swift in Sources */ = {isa = PBXBuildFile; fileRef = 0637FA8120E09C4B00E80174 /* BarkNavigationController.swift */; };
		0637FA8620E0AB6600E80174 /* UIColor+Extension.swift in Sources */ = {isa = PBXBuildFile; fileRef = 0637FA8520E0AB6600E80174 /* UIColor+Extension.swift */; };
		0637FA8A20E0D58800E80174 /* NewServerViewController.swift in Sources */ = {isa = PBXBuildFile; fileRef = 0637FA8920E0D58800E80174 /* NewServerViewController.swift */; };
		0637FA8C20E0D7A700E80174 /* BaseViewController.swift in Sources */ = {isa = PBXBuildFile; fileRef = 0637FA8B20E0D7A700E80174 /* BaseViewController.swift */; };
		063C499520E36BF9001BCA35 /* Localizable.strings in Resources */ = {isa = PBXBuildFile; fileRef = 063C499720E36BF9001BCA35 /* Localizable.strings */; };
		065A4D4220EE1A31002EB2DB /* Localizable.strings in Resources */ = {isa = PBXBuildFile; fileRef = 063C499720E36BF9001BCA35 /* Localizable.strings */; };
		0661A543204FDA4100965E4E /* AppDelegate.swift in Sources */ = {isa = PBXBuildFile; fileRef = 0661A542204FDA4100965E4E /* AppDelegate.swift */; };
		0661A545204FDA4100965E4E /* HomeViewController.swift in Sources */ = {isa = PBXBuildFile; fileRef = 0661A544204FDA4100965E4E /* HomeViewController.swift */; };
		0661A54A204FDA4100965E4E /* Assets.xcassets in Resources */ = {isa = PBXBuildFile; fileRef = 0661A549204FDA4100965E4E /* Assets.xcassets */; };
		0661A54D204FDA4100965E4E /* LaunchScreen.storyboard in Resources */ = {isa = PBXBuildFile; fileRef = 0661A54B204FDA4100965E4E /* LaunchScreen.storyboard */; };
		0667D192247D162C005DE2ED /* MessageTableViewCell.swift in Sources */ = {isa = PBXBuildFile; fileRef = 0667D191247D162C005DE2ED /* MessageTableViewCell.swift */; };
		0667D194247D1BA0005DE2ED /* Date+Extension.swift in Sources */ = {isa = PBXBuildFile; fileRef = 0667D193247D1BA0005DE2ED /* Date+Extension.swift */; };
		06802E5320ECC40C00767047 /* Assets.xcassets in Resources */ = {isa = PBXBuildFile; fileRef = 0661A549204FDA4100965E4E /* Assets.xcassets */; };
		06885EB6247FB9880004A303 /* MessageSettingsViewController.swift in Sources */ = {isa = PBXBuildFile; fileRef = 06885EB5247FB9880004A303 /* MessageSettingsViewController.swift */; };
		068F66B3247BD84C00DAD25A /* MessageListViewController.swift in Sources */ = {isa = PBXBuildFile; fileRef = 068F66B2247BD84C00DAD25A /* MessageListViewController.swift */; };
		06B1158D247BA6D5006D91FB /* CloudKit.framework in Frameworks */ = {isa = PBXBuildFile; fileRef = 06B1158C247BA6D5006D91FB /* CloudKit.framework */; };
		06B1158F247BB1FB006D91FB /* Message.swift in Sources */ = {isa = PBXBuildFile; fileRef = 06B1158E247BB1FB006D91FB /* Message.swift */; };
		06B11591247BC132006D91FB /* Message.swift in Sources */ = {isa = PBXBuildFile; fileRef = 06B1158E247BB1FB006D91FB /* Message.swift */; };
		06C5952D2480E3F8006B98F3 /* LabelCell.swift in Sources */ = {isa = PBXBuildFile; fileRef = 06C5952C2480E3F8006B98F3 /* LabelCell.swift */; };
		06C5952F248107F5006B98F3 /* iCloudStatusCell.swift in Sources */ = {isa = PBXBuildFile; fileRef = 06C5952E248107F5006B98F3 /* iCloudStatusCell.swift */; };
		06C5953124811392006B98F3 /* ArchiveSettingCell.swift in Sources */ = {isa = PBXBuildFile; fileRef = 06C5953024811392006B98F3 /* ArchiveSettingCell.swift */; };
		06C5953324811505006B98F3 /* ArchiveSettingManager.swift in Sources */ = {isa = PBXBuildFile; fileRef = 06C5953224811505006B98F3 /* ArchiveSettingManager.swift */; };
		06C5953424811505006B98F3 /* ArchiveSettingManager.swift in Sources */ = {isa = PBXBuildFile; fileRef = 06C5953224811505006B98F3 /* ArchiveSettingManager.swift */; };
		06C595362481160F006B98F3 /* BKLabel.swift in Sources */ = {isa = PBXBuildFile; fileRef = 06C595352481160F006B98F3 /* BKLabel.swift */; };
		06CF784721C7A50300A052D7 /* NotificationServiceExtension.appex in Embed App Extensions */ = {isa = PBXBuildFile; fileRef = 06CF784021C7A50300A052D7 /* NotificationServiceExtension.appex */; settings = {ATTRIBUTES = (RemoveHeadersOnCopy, ); }; };
		06CF784C21C7A51200A052D7 /* NotificationService.swift in Sources */ = {isa = PBXBuildFile; fileRef = 06CF784B21C7A51200A052D7 /* NotificationService.swift */; };
		6AF9CC9B5F6CD2BF86509897 /* libPods-Bark.a in Frameworks */ = {isa = PBXBuildFile; fileRef = E4EA0C04469BF7B418FF3CB7 /* libPods-Bark.a */; };
		ACC117FABC6F8E44060B8D80 /* libPods-NotificationServiceExtension.a in Frameworks */ = {isa = PBXBuildFile; fileRef = A24A28EB12CA35B953807C99 /* libPods-NotificationServiceExtension.a */; };
/* End PBXBuildFile section */

/* Begin PBXContainerItemProxy section */
		0632CE2820EC9098003FDF46 /* PBXContainerItemProxy */ = {
			isa = PBXContainerItemProxy;
			containerPortal = 0661A537204FDA4100965E4E /* Project object */;
			proxyType = 1;
			remoteGlobalIDString = 0632CE1D20EC9098003FDF46;
			remoteInfo = NotificationContentExtension;
		};
		06CF784521C7A50300A052D7 /* PBXContainerItemProxy */ = {
			isa = PBXContainerItemProxy;
			containerPortal = 0661A537204FDA4100965E4E /* Project object */;
			proxyType = 1;
			remoteGlobalIDString = 06CF783F21C7A50300A052D7;
			remoteInfo = NotificationServiceExtension;
		};
/* End PBXContainerItemProxy section */

/* Begin PBXCopyFilesBuildPhase section */
		0632CE2E20EC9098003FDF46 /* Embed App Extensions */ = {
			isa = PBXCopyFilesBuildPhase;
			buildActionMask = 2147483647;
			dstPath = "";
			dstSubfolderSpec = 13;
			files = (
				0632CE2A20EC9098003FDF46 /* NotificationContentExtension.appex in Embed App Extensions */,
				06CF784721C7A50300A052D7 /* NotificationServiceExtension.appex in Embed App Extensions */,
			);
			name = "Embed App Extensions";
			runOnlyForDeploymentPostprocessing = 0;
		};
/* End PBXCopyFilesBuildPhase section */

/* Begin PBXFileReference section */
		0603706620E1E31600F4CA05 /* Defines.swift */ = {isa = PBXFileReference; lastKnownFileType = sourcecode.swift; path = Defines.swift; sourceTree = "<group>"; };
		0603706820E1F89500F4CA05 /* PreviewCardCell.swift */ = {isa = PBXFileReference; lastKnownFileType = sourcecode.swift; path = PreviewCardCell.swift; sourceTree = "<group>"; };
		0603706A20E20A7C00F4CA05 /* String+Extension.swift */ = {isa = PBXFileReference; lastKnownFileType = sourcecode.swift; path = "String+Extension.swift"; sourceTree = "<group>"; };
		0603706C20E23EC000F4CA05 /* BarkSFSafariViewController.swift */ = {isa = PBXFileReference; lastKnownFileType = sourcecode.swift; path = BarkSFSafariViewController.swift; sourceTree = "<group>"; };
		0604F7DE20620D4900B32F09 /* ServerManager.swift */ = {isa = PBXFileReference; lastKnownFileType = sourcecode.swift; path = ServerManager.swift; sourceTree = "<group>"; };
		0632CE1E20EC9098003FDF46 /* NotificationContentExtension.appex */ = {isa = PBXFileReference; explicitFileType = "wrapper.app-extension"; includeInIndex = 0; path = NotificationContentExtension.appex; sourceTree = BUILT_PRODUCTS_DIR; };
		0632CE2220EC9098003FDF46 /* NotificationViewController.swift */ = {isa = PBXFileReference; lastKnownFileType = sourcecode.swift; path = NotificationViewController.swift; sourceTree = "<group>"; };
		0632CE2520EC9098003FDF46 /* Base */ = {isa = PBXFileReference; lastKnownFileType = file.storyboard; name = Base; path = Base.lproj/MainInterface.storyboard; sourceTree = "<group>"; };
		0632CE2720EC9098003FDF46 /* Info.plist */ = {isa = PBXFileReference; lastKnownFileType = text.plist.xml; path = Info.plist; sourceTree = "<group>"; };
		0637FA7720E0926D00E80174 /* BarkTargetType.swift */ = {isa = PBXFileReference; lastKnownFileType = sourcecode.swift; path = BarkTargetType.swift; sourceTree = "<group>"; };
		0637FA7920E092B300E80174 /* Observable+Extension.swift */ = {isa = PBXFileReference; lastKnownFileType = sourcecode.swift; path = "Observable+Extension.swift"; sourceTree = "<group>"; };
		0637FA7B20E0930E00E80174 /* BarkApi.swift */ = {isa = PBXFileReference; lastKnownFileType = sourcecode.swift; path = BarkApi.swift; sourceTree = "<group>"; };
		0637FA7D20E0969800E80174 /* Client.swift */ = {isa = PBXFileReference; lastKnownFileType = sourcecode.swift; path = Client.swift; sourceTree = "<group>"; };
		0637FA7F20E0981E00E80174 /* BarkSettings.swift */ = {isa = PBXFileReference; lastKnownFileType = sourcecode.swift; path = BarkSettings.swift; sourceTree = "<group>"; };
		0637FA8120E09C4B00E80174 /* BarkNavigationController.swift */ = {isa = PBXFileReference; lastKnownFileType = sourcecode.swift; path = BarkNavigationController.swift; sourceTree = "<group>"; };
		0637FA8520E0AB6600E80174 /* UIColor+Extension.swift */ = {isa = PBXFileReference; lastKnownFileType = sourcecode.swift; path = "UIColor+Extension.swift"; sourceTree = "<group>"; };
		0637FA8920E0D58800E80174 /* NewServerViewController.swift */ = {isa = PBXFileReference; lastKnownFileType = sourcecode.swift; path = NewServerViewController.swift; sourceTree = "<group>"; };
		0637FA8B20E0D7A700E80174 /* BaseViewController.swift */ = {isa = PBXFileReference; lastKnownFileType = sourcecode.swift; path = BaseViewController.swift; sourceTree = "<group>"; };
		063C499620E36BF9001BCA35 /* en */ = {isa = PBXFileReference; lastKnownFileType = text.plist.strings; name = en; path = en.lproj/Localizable.strings; sourceTree = "<group>"; };
		063C499820E36C15001BCA35 /* zh-Hans */ = {isa = PBXFileReference; lastKnownFileType = text.plist.strings; name = "zh-Hans"; path = "zh-Hans.lproj/Localizable.strings"; sourceTree = "<group>"; };
		0661A53F204FDA4100965E4E /* Bark.app */ = {isa = PBXFileReference; explicitFileType = wrapper.application; includeInIndex = 0; path = Bark.app; sourceTree = BUILT_PRODUCTS_DIR; };
		0661A542204FDA4100965E4E /* AppDelegate.swift */ = {isa = PBXFileReference; lastKnownFileType = sourcecode.swift; path = AppDelegate.swift; sourceTree = "<group>"; };
		0661A544204FDA4100965E4E /* HomeViewController.swift */ = {isa = PBXFileReference; lastKnownFileType = sourcecode.swift; path = HomeViewController.swift; sourceTree = "<group>"; };
		0661A549204FDA4100965E4E /* Assets.xcassets */ = {isa = PBXFileReference; lastKnownFileType = folder.assetcatalog; path = Assets.xcassets; sourceTree = "<group>"; };
		0661A54C204FDA4100965E4E /* Base */ = {isa = PBXFileReference; lastKnownFileType = file.storyboard; name = Base; path = Base.lproj/LaunchScreen.storyboard; sourceTree = "<group>"; };
		0661A54E204FDA4100965E4E /* Info.plist */ = {isa = PBXFileReference; lastKnownFileType = text.plist.xml; path = Info.plist; sourceTree = "<group>"; };
		0667D191247D162C005DE2ED /* MessageTableViewCell.swift */ = {isa = PBXFileReference; lastKnownFileType = sourcecode.swift; path = MessageTableViewCell.swift; sourceTree = "<group>"; };
		0667D193247D1BA0005DE2ED /* Date+Extension.swift */ = {isa = PBXFileReference; lastKnownFileType = sourcecode.swift; path = "Date+Extension.swift"; sourceTree = "<group>"; };
		0683486A2050F1310024B6DA /* Bark.entitlements */ = {isa = PBXFileReference; lastKnownFileType = text.plist.entitlements; path = Bark.entitlements; sourceTree = "<group>"; };
		0683487020510FB20024B6DA /* UserNotifications.framework */ = {isa = PBXFileReference; lastKnownFileType = wrapper.framework; name = UserNotifications.framework; path = System/Library/Frameworks/UserNotifications.framework; sourceTree = SDKROOT; };
		0683487220510FB20024B6DA /* UserNotificationsUI.framework */ = {isa = PBXFileReference; lastKnownFileType = wrapper.framework; name = UserNotificationsUI.framework; path = System/Library/Frameworks/UserNotificationsUI.framework; sourceTree = SDKROOT; };
		06885EB5247FB9880004A303 /* MessageSettingsViewController.swift */ = {isa = PBXFileReference; lastKnownFileType = sourcecode.swift; path = MessageSettingsViewController.swift; sourceTree = "<group>"; };
		068F66B2247BD84C00DAD25A /* MessageListViewController.swift */ = {isa = PBXFileReference; lastKnownFileType = sourcecode.swift; path = MessageListViewController.swift; sourceTree = "<group>"; };
		06B1158C247BA6D5006D91FB /* CloudKit.framework */ = {isa = PBXFileReference; lastKnownFileType = wrapper.framework; name = CloudKit.framework; path = System/Library/Frameworks/CloudKit.framework; sourceTree = SDKROOT; };
		06B1158E247BB1FB006D91FB /* Message.swift */ = {isa = PBXFileReference; lastKnownFileType = sourcecode.swift; path = Message.swift; sourceTree = "<group>"; };
		06B11590247BBC15006D91FB /* NotificationServiceExtension.entitlements */ = {isa = PBXFileReference; lastKnownFileType = text.plist.entitlements; path = NotificationServiceExtension.entitlements; sourceTree = "<group>"; };
		06C5952C2480E3F8006B98F3 /* LabelCell.swift */ = {isa = PBXFileReference; lastKnownFileType = sourcecode.swift; path = LabelCell.swift; sourceTree = "<group>"; };
		06C5952E248107F5006B98F3 /* iCloudStatusCell.swift */ = {isa = PBXFileReference; lastKnownFileType = sourcecode.swift; path = iCloudStatusCell.swift; sourceTree = "<group>"; };
		06C5953024811392006B98F3 /* ArchiveSettingCell.swift */ = {isa = PBXFileReference; lastKnownFileType = sourcecode.swift; path = ArchiveSettingCell.swift; sourceTree = "<group>"; };
		06C5953224811505006B98F3 /* ArchiveSettingManager.swift */ = {isa = PBXFileReference; lastKnownFileType = sourcecode.swift; path = ArchiveSettingManager.swift; sourceTree = "<group>"; };
		06C595352481160F006B98F3 /* BKLabel.swift */ = {isa = PBXFileReference; lastKnownFileType = sourcecode.swift; path = BKLabel.swift; sourceTree = "<group>"; };
		06CF784021C7A50300A052D7 /* NotificationServiceExtension.appex */ = {isa = PBXFileReference; explicitFileType = "wrapper.app-extension"; includeInIndex = 0; path = NotificationServiceExtension.appex; sourceTree = BUILT_PRODUCTS_DIR; };
		06CF784421C7A50300A052D7 /* Info.plist */ = {isa = PBXFileReference; lastKnownFileType = text.plist.xml; path = Info.plist; sourceTree = "<group>"; };
		06CF784B21C7A51200A052D7 /* NotificationService.swift */ = {isa = PBXFileReference; fileEncoding = 4; lastKnownFileType = sourcecode.swift; path = NotificationService.swift; sourceTree = "<group>"; };
		08AEA046D1FD0D7950208796 /* Pods-NotificationServiceExtension.debug.xcconfig */ = {isa = PBXFileReference; includeInIndex = 1; lastKnownFileType = text.xcconfig; name = "Pods-NotificationServiceExtension.debug.xcconfig"; path = "Pods/Target Support Files/Pods-NotificationServiceExtension/Pods-NotificationServiceExtension.debug.xcconfig"; sourceTree = "<group>"; };
		14F0F73EC45A35FC2482F967 /* Pods_NotificationContentExtension.framework */ = {isa = PBXFileReference; explicitFileType = wrapper.framework; includeInIndex = 0; path = Pods_NotificationContentExtension.framework; sourceTree = BUILT_PRODUCTS_DIR; };
		1CC985CE300A858FF65E166A /* Pods-Bark.release.xcconfig */ = {isa = PBXFileReference; includeInIndex = 1; lastKnownFileType = text.xcconfig; name = "Pods-Bark.release.xcconfig"; path = "Pods/Target Support Files/Pods-Bark/Pods-Bark.release.xcconfig"; sourceTree = "<group>"; };
		68049930BAF79AFBD8B109B8 /* Pods-NotificationServiceExtension.release.xcconfig */ = {isa = PBXFileReference; includeInIndex = 1; lastKnownFileType = text.xcconfig; name = "Pods-NotificationServiceExtension.release.xcconfig"; path = "Pods/Target Support Files/Pods-NotificationServiceExtension/Pods-NotificationServiceExtension.release.xcconfig"; sourceTree = "<group>"; };
		87D1222A4C6E7283974A44C6 /* Pods-Bark.debug.xcconfig */ = {isa = PBXFileReference; includeInIndex = 1; lastKnownFileType = text.xcconfig; name = "Pods-Bark.debug.xcconfig"; path = "Pods/Target Support Files/Pods-Bark/Pods-Bark.debug.xcconfig"; sourceTree = "<group>"; };
		A24A28EB12CA35B953807C99 /* libPods-NotificationServiceExtension.a */ = {isa = PBXFileReference; explicitFileType = archive.ar; includeInIndex = 0; path = "libPods-NotificationServiceExtension.a"; sourceTree = BUILT_PRODUCTS_DIR; };
		E4EA0C04469BF7B418FF3CB7 /* libPods-Bark.a */ = {isa = PBXFileReference; explicitFileType = archive.ar; includeInIndex = 0; path = "libPods-Bark.a"; sourceTree = BUILT_PRODUCTS_DIR; };
/* End PBXFileReference section */

/* Begin PBXFrameworksBuildPhase section */
		0632CE1B20EC9098003FDF46 /* Frameworks */ = {
			isa = PBXFrameworksBuildPhase;
			buildActionMask = 2147483647;
			files = (
				0632CE2020EC9098003FDF46 /* UserNotificationsUI.framework in Frameworks */,
				0632CE1F20EC9098003FDF46 /* UserNotifications.framework in Frameworks */,
			);
			runOnlyForDeploymentPostprocessing = 0;
		};
		0661A53C204FDA4100965E4E /* Frameworks */ = {
			isa = PBXFrameworksBuildPhase;
			buildActionMask = 2147483647;
			files = (
				6AF9CC9B5F6CD2BF86509897 /* libPods-Bark.a in Frameworks */,
				06B1158D247BA6D5006D91FB /* CloudKit.framework in Frameworks */,
			);
			runOnlyForDeploymentPostprocessing = 0;
		};
		06CF783D21C7A50300A052D7 /* Frameworks */ = {
			isa = PBXFrameworksBuildPhase;
			buildActionMask = 2147483647;
			files = (
				ACC117FABC6F8E44060B8D80 /* libPods-NotificationServiceExtension.a in Frameworks */,
			);
			runOnlyForDeploymentPostprocessing = 0;
		};
/* End PBXFrameworksBuildPhase section */

/* Begin PBXGroup section */
		0604F7DB20620D2700B32F09 /* Controller */ = {
			isa = PBXGroup;
			children = (
				0637FA8B20E0D7A700E80174 /* BaseViewController.swift */,
				0637FA8120E09C4B00E80174 /* BarkNavigationController.swift */,
				0661A544204FDA4100965E4E /* HomeViewController.swift */,
				0637FA8920E0D58800E80174 /* NewServerViewController.swift */,
				0603706C20E23EC000F4CA05 /* BarkSFSafariViewController.swift */,
				068F66B2247BD84C00DAD25A /* MessageListViewController.swift */,
				06885EB5247FB9880004A303 /* MessageSettingsViewController.swift */,
			);
			path = Controller;
			sourceTree = "<group>";
		};
		0604F7DC20620D3400B32F09 /* View */ = {
			isa = PBXGroup;
			children = (
				0603706820E1F89500F4CA05 /* PreviewCardCell.swift */,
				0667D191247D162C005DE2ED /* MessageTableViewCell.swift */,
				06C5952C2480E3F8006B98F3 /* LabelCell.swift */,
				06C5952E248107F5006B98F3 /* iCloudStatusCell.swift */,
				06C5953024811392006B98F3 /* ArchiveSettingCell.swift */,
				06C595352481160F006B98F3 /* BKLabel.swift */,
			);
			path = View;
			sourceTree = "<group>";
		};
		0604F7DD20620D3800B32F09 /* Model */ = {
			isa = PBXGroup;
			children = (
				0603706620E1E31600F4CA05 /* Defines.swift */,
				0637FA8520E0AB6600E80174 /* UIColor+Extension.swift */,
				0603706A20E20A7C00F4CA05 /* String+Extension.swift */,
				0637FA7F20E0981E00E80174 /* BarkSettings.swift */,
				0604F7DE20620D4900B32F09 /* ServerManager.swift */,
				0637FA7720E0926D00E80174 /* BarkTargetType.swift */,
				0637FA7920E092B300E80174 /* Observable+Extension.swift */,
				0637FA7B20E0930E00E80174 /* BarkApi.swift */,
				0637FA7D20E0969800E80174 /* Client.swift */,
				06B1158E247BB1FB006D91FB /* Message.swift */,
				0667D193247D1BA0005DE2ED /* Date+Extension.swift */,
				06C5953224811505006B98F3 /* ArchiveSettingManager.swift */,
			);
			path = Model;
			sourceTree = "<group>";
		};
		0632CE2120EC9098003FDF46 /* NotificationContentExtension */ = {
			isa = PBXGroup;
			children = (
				0632CE2220EC9098003FDF46 /* NotificationViewController.swift */,
				0632CE2420EC9098003FDF46 /* MainInterface.storyboard */,
				0632CE2720EC9098003FDF46 /* Info.plist */,
			);
			path = NotificationContentExtension;
			sourceTree = "<group>";
		};
		0661A536204FDA4100965E4E = {
			isa = PBXGroup;
			children = (
				0604F7DD20620D3800B32F09 /* Model */,
				0604F7DC20620D3400B32F09 /* View */,
				0604F7DB20620D2700B32F09 /* Controller */,
				0661A541204FDA4100965E4E /* Bark */,
				0632CE2120EC9098003FDF46 /* NotificationContentExtension */,
				06CF784121C7A50300A052D7 /* NotificationServiceExtension */,
				0661A540204FDA4100965E4E /* Products */,
				9563D0DB71FE280909AB1C63 /* Pods */,
				99BD309BDB7F62B5DC0CECE1 /* Frameworks */,
			);
			sourceTree = "<group>";
		};
		0661A540204FDA4100965E4E /* Products */ = {
			isa = PBXGroup;
			children = (
				0661A53F204FDA4100965E4E /* Bark.app */,
				0632CE1E20EC9098003FDF46 /* NotificationContentExtension.appex */,
				06CF784021C7A50300A052D7 /* NotificationServiceExtension.appex */,
			);
			name = Products;
			sourceTree = "<group>";
		};
		0661A541204FDA4100965E4E /* Bark */ = {
			isa = PBXGroup;
			children = (
				0683486A2050F1310024B6DA /* Bark.entitlements */,
				0661A542204FDA4100965E4E /* AppDelegate.swift */,
				0661A549204FDA4100965E4E /* Assets.xcassets */,
				0661A54B204FDA4100965E4E /* LaunchScreen.storyboard */,
				0661A54E204FDA4100965E4E /* Info.plist */,
				063C499720E36BF9001BCA35 /* Localizable.strings */,
			);
			path = Bark;
			sourceTree = "<group>";
		};
		06CF784121C7A50300A052D7 /* NotificationServiceExtension */ = {
			isa = PBXGroup;
			children = (
				06B11590247BBC15006D91FB /* NotificationServiceExtension.entitlements */,
				06CF784B21C7A51200A052D7 /* NotificationService.swift */,
				06CF784421C7A50300A052D7 /* Info.plist */,
			);
			path = NotificationServiceExtension;
			sourceTree = "<group>";
		};
		9563D0DB71FE280909AB1C63 /* Pods */ = {
			isa = PBXGroup;
			children = (
				87D1222A4C6E7283974A44C6 /* Pods-Bark.debug.xcconfig */,
				1CC985CE300A858FF65E166A /* Pods-Bark.release.xcconfig */,
				08AEA046D1FD0D7950208796 /* Pods-NotificationServiceExtension.debug.xcconfig */,
				68049930BAF79AFBD8B109B8 /* Pods-NotificationServiceExtension.release.xcconfig */,
			);
			name = Pods;
			sourceTree = "<group>";
		};
		99BD309BDB7F62B5DC0CECE1 /* Frameworks */ = {
			isa = PBXGroup;
			children = (
				06B1158C247BA6D5006D91FB /* CloudKit.framework */,
				0683487020510FB20024B6DA /* UserNotifications.framework */,
				0683487220510FB20024B6DA /* UserNotificationsUI.framework */,
				14F0F73EC45A35FC2482F967 /* Pods_NotificationContentExtension.framework */,
				E4EA0C04469BF7B418FF3CB7 /* libPods-Bark.a */,
				A24A28EB12CA35B953807C99 /* libPods-NotificationServiceExtension.a */,
			);
			name = Frameworks;
			sourceTree = "<group>";
		};
/* End PBXGroup section */

/* Begin PBXNativeTarget section */
		0632CE1D20EC9098003FDF46 /* NotificationContentExtension */ = {
			isa = PBXNativeTarget;
			buildConfigurationList = 0632CE2D20EC9098003FDF46 /* Build configuration list for PBXNativeTarget "NotificationContentExtension" */;
			buildPhases = (
				0632CE1A20EC9098003FDF46 /* Sources */,
				0632CE1B20EC9098003FDF46 /* Frameworks */,
				0632CE1C20EC9098003FDF46 /* Resources */,
			);
			buildRules = (
			);
			dependencies = (
			);
			name = NotificationContentExtension;
			productName = NotificationContentExtension;
			productReference = 0632CE1E20EC9098003FDF46 /* NotificationContentExtension.appex */;
			productType = "com.apple.product-type.app-extension";
		};
		0661A53E204FDA4100965E4E /* Bark */ = {
			isa = PBXNativeTarget;
			buildConfigurationList = 0661A551204FDA4100965E4E /* Build configuration list for PBXNativeTarget "Bark" */;
			buildPhases = (
				4B6119BE7ED5348C2183352F /* [CP] Check Pods Manifest.lock */,
				0661A53B204FDA4100965E4E /* Sources */,
				0661A53C204FDA4100965E4E /* Frameworks */,
				0661A53D204FDA4100965E4E /* Resources */,
				0632CE2E20EC9098003FDF46 /* Embed App Extensions */,
				A65832AEF7CA9C472EABAB15 /* [CP] Copy Pods Resources */,
			);
			buildRules = (
			);
			dependencies = (
				0632CE2920EC9098003FDF46 /* PBXTargetDependency */,
				06CF784621C7A50300A052D7 /* PBXTargetDependency */,
			);
			name = Bark;
			productName = Bark;
			productReference = 0661A53F204FDA4100965E4E /* Bark.app */;
			productType = "com.apple.product-type.application";
		};
		06CF783F21C7A50300A052D7 /* NotificationServiceExtension */ = {
			isa = PBXNativeTarget;
			buildConfigurationList = 06CF784A21C7A50300A052D7 /* Build configuration list for PBXNativeTarget "NotificationServiceExtension" */;
			buildPhases = (
				800B82E19475CD3E4B36E49D /* [CP] Check Pods Manifest.lock */,
				06CF783C21C7A50300A052D7 /* Sources */,
				06CF783D21C7A50300A052D7 /* Frameworks */,
				06CF783E21C7A50300A052D7 /* Resources */,
			);
			buildRules = (
			);
			dependencies = (
			);
			name = NotificationServiceExtension;
			productName = NotificationServiceExtension;
			productReference = 06CF784021C7A50300A052D7 /* NotificationServiceExtension.appex */;
			productType = "com.apple.product-type.app-extension";
		};
/* End PBXNativeTarget section */

/* Begin PBXProject section */
		0661A537204FDA4100965E4E /* Project object */ = {
			isa = PBXProject;
			attributes = {
				LastSwiftUpdateCheck = 1010;
				LastUpgradeCheck = 0930;
				ORGANIZATIONNAME = Fin;
				TargetAttributes = {
					0632CE1D20EC9098003FDF46 = {
						CreatedOnToolsVersion = 9.3;
						ProvisioningStyle = Automatic;
					};
					0661A53E204FDA4100965E4E = {
						CreatedOnToolsVersion = 9.2;
						ProvisioningStyle = Automatic;
						SystemCapabilities = {
							com.apple.Push = {
								enabled = 1;
							};
						};
					};
					06CF783F21C7A50300A052D7 = {
						CreatedOnToolsVersion = 10.1;
						ProvisioningStyle = Automatic;
					};
				};
			};
			buildConfigurationList = 0661A53A204FDA4100965E4E /* Build configuration list for PBXProject "Bark" */;
			compatibilityVersion = "Xcode 8.0";
			developmentRegion = en;
			hasScannedForEncodings = 0;
			knownRegions = (
				en,
				Base,
				"zh-Hans",
			);
			mainGroup = 0661A536204FDA4100965E4E;
			productRefGroup = 0661A540204FDA4100965E4E /* Products */;
			projectDirPath = "";
			projectRoot = "";
			targets = (
				0661A53E204FDA4100965E4E /* Bark */,
				0632CE1D20EC9098003FDF46 /* NotificationContentExtension */,
				06CF783F21C7A50300A052D7 /* NotificationServiceExtension */,
			);
		};
/* End PBXProject section */

/* Begin PBXResourcesBuildPhase section */
		0632CE1C20EC9098003FDF46 /* Resources */ = {
			isa = PBXResourcesBuildPhase;
			buildActionMask = 2147483647;
			files = (
				06802E5320ECC40C00767047 /* Assets.xcassets in Resources */,
				065A4D4220EE1A31002EB2DB /* Localizable.strings in Resources */,
				0632CE2620EC9098003FDF46 /* MainInterface.storyboard in Resources */,
			);
			runOnlyForDeploymentPostprocessing = 0;
		};
		0661A53D204FDA4100965E4E /* Resources */ = {
			isa = PBXResourcesBuildPhase;
			buildActionMask = 2147483647;
			files = (
				0661A54D204FDA4100965E4E /* LaunchScreen.storyboard in Resources */,
				063C499520E36BF9001BCA35 /* Localizable.strings in Resources */,
				0661A54A204FDA4100965E4E /* Assets.xcassets in Resources */,
			);
			runOnlyForDeploymentPostprocessing = 0;
		};
		06CF783E21C7A50300A052D7 /* Resources */ = {
			isa = PBXResourcesBuildPhase;
			buildActionMask = 2147483647;
			files = (
			);
			runOnlyForDeploymentPostprocessing = 0;
		};
/* End PBXResourcesBuildPhase section */

/* Begin PBXShellScriptBuildPhase section */
		4B6119BE7ED5348C2183352F /* [CP] Check Pods Manifest.lock */ = {
			isa = PBXShellScriptBuildPhase;
			buildActionMask = 2147483647;
			files = (
			);
			inputPaths = (
				"${PODS_PODFILE_DIR_PATH}/Podfile.lock",
				"${PODS_ROOT}/Manifest.lock",
			);
			name = "[CP] Check Pods Manifest.lock";
			outputPaths = (
				"$(DERIVED_FILE_DIR)/Pods-Bark-checkManifestLockResult.txt",
			);
			runOnlyForDeploymentPostprocessing = 0;
			shellPath = /bin/sh;
			shellScript = "diff \"${PODS_PODFILE_DIR_PATH}/Podfile.lock\" \"${PODS_ROOT}/Manifest.lock\" > /dev/null\nif [ $? != 0 ] ; then\n    # print error to STDERR\n    echo \"error: The sandbox is not in sync with the Podfile.lock. Run 'pod install' or update your CocoaPods installation.\" >&2\n    exit 1\nfi\n# This output is used by Xcode 'outputs' to avoid re-running this script phase.\necho \"SUCCESS\" > \"${SCRIPT_OUTPUT_FILE_0}\"\n";
			showEnvVarsInLog = 0;
		};
		800B82E19475CD3E4B36E49D /* [CP] Check Pods Manifest.lock */ = {
			isa = PBXShellScriptBuildPhase;
			buildActionMask = 2147483647;
			files = (
			);
			inputFileListPaths = (
			);
			inputPaths = (
				"${PODS_PODFILE_DIR_PATH}/Podfile.lock",
				"${PODS_ROOT}/Manifest.lock",
			);
			name = "[CP] Check Pods Manifest.lock";
			outputFileListPaths = (
			);
			outputPaths = (
				"$(DERIVED_FILE_DIR)/Pods-NotificationServiceExtension-checkManifestLockResult.txt",
			);
			runOnlyForDeploymentPostprocessing = 0;
			shellPath = /bin/sh;
			shellScript = "diff \"${PODS_PODFILE_DIR_PATH}/Podfile.lock\" \"${PODS_ROOT}/Manifest.lock\" > /dev/null\nif [ $? != 0 ] ; then\n    # print error to STDERR\n    echo \"error: The sandbox is not in sync with the Podfile.lock. Run 'pod install' or update your CocoaPods installation.\" >&2\n    exit 1\nfi\n# This output is used by Xcode 'outputs' to avoid re-running this script phase.\necho \"SUCCESS\" > \"${SCRIPT_OUTPUT_FILE_0}\"\n";
			showEnvVarsInLog = 0;
		};
		A65832AEF7CA9C472EABAB15 /* [CP] Copy Pods Resources */ = {
			isa = PBXShellScriptBuildPhase;
			buildActionMask = 2147483647;
			files = (
			);
			inputPaths = (
				"${PODS_ROOT}/Target Support Files/Pods-Bark/Pods-Bark-resources.sh",
				"${PODS_CONFIGURATION_BUILD_DIR}/Material/com.cosmicmind.material.icons.bundle",
				"${PODS_CONFIGURATION_BUILD_DIR}/Material/com.cosmicmind.material.fonts.bundle",
				"${PODS_ROOT}/SVProgressHUD/SVProgressHUD/SVProgressHUD.bundle",
			);
			name = "[CP] Copy Pods Resources";
			outputPaths = (
				"${TARGET_BUILD_DIR}/${UNLOCALIZED_RESOURCES_FOLDER_PATH}/com.cosmicmind.material.icons.bundle",
				"${TARGET_BUILD_DIR}/${UNLOCALIZED_RESOURCES_FOLDER_PATH}/com.cosmicmind.material.fonts.bundle",
				"${TARGET_BUILD_DIR}/${UNLOCALIZED_RESOURCES_FOLDER_PATH}/SVProgressHUD.bundle",
			);
			runOnlyForDeploymentPostprocessing = 0;
			shellPath = /bin/sh;
			shellScript = "\"${PODS_ROOT}/Target Support Files/Pods-Bark/Pods-Bark-resources.sh\"\n";
			showEnvVarsInLog = 0;
		};
/* End PBXShellScriptBuildPhase section */

/* Begin PBXSourcesBuildPhase section */
		0632CE1A20EC9098003FDF46 /* Sources */ = {
			isa = PBXSourcesBuildPhase;
			buildActionMask = 2147483647;
			files = (
				0632CE2320EC9098003FDF46 /* NotificationViewController.swift in Sources */,
			);
			runOnlyForDeploymentPostprocessing = 0;
		};
		0661A53B204FDA4100965E4E /* Sources */ = {
			isa = PBXSourcesBuildPhase;
			buildActionMask = 2147483647;
			files = (
				0603706920E1F89500F4CA05 /* PreviewCardCell.swift in Sources */,
				0637FA8C20E0D7A700E80174 /* BaseViewController.swift in Sources */,
				0603706D20E23EC000F4CA05 /* BarkSFSafariViewController.swift in Sources */,
				06C5953124811392006B98F3 /* ArchiveSettingCell.swift in Sources */,
				06B1158F247BB1FB006D91FB /* Message.swift in Sources */,
				06C595362481160F006B98F3 /* BKLabel.swift in Sources */,
				0637FA7820E0926D00E80174 /* BarkTargetType.swift in Sources */,
				0637FA7E20E0969800E80174 /* Client.swift in Sources */,
				0661A545204FDA4100965E4E /* HomeViewController.swift in Sources */,
				06C5952F248107F5006B98F3 /* iCloudStatusCell.swift in Sources */,
				0637FA8620E0AB6600E80174 /* UIColor+Extension.swift in Sources */,
				0637FA8A20E0D58800E80174 /* NewServerViewController.swift in Sources */,
				0637FA8220E09C4B00E80174 /* BarkNavigationController.swift in Sources */,
				0637FA7A20E092B300E80174 /* Observable+Extension.swift in Sources */,
				0667D194247D1BA0005DE2ED /* Date+Extension.swift in Sources */,
				0604F7DF20620D4900B32F09 /* ServerManager.swift in Sources */,
				0667D192247D162C005DE2ED /* MessageTableViewCell.swift in Sources */,
				0603706720E1E31600F4CA05 /* Defines.swift in Sources */,
				06885EB6247FB9880004A303 /* MessageSettingsViewController.swift in Sources */,
				06C5953324811505006B98F3 /* ArchiveSettingManager.swift in Sources */,
				06C5952D2480E3F8006B98F3 /* LabelCell.swift in Sources */,
				0637FA7C20E0930E00E80174 /* BarkApi.swift in Sources */,
				0637FA8020E0981E00E80174 /* BarkSettings.swift in Sources */,
				0603706B20E20A7C00F4CA05 /* String+Extension.swift in Sources */,
				068F66B3247BD84C00DAD25A /* MessageListViewController.swift in Sources */,
				0661A543204FDA4100965E4E /* AppDelegate.swift in Sources */,
			);
			runOnlyForDeploymentPostprocessing = 0;
		};
		06CF783C21C7A50300A052D7 /* Sources */ = {
			isa = PBXSourcesBuildPhase;
			buildActionMask = 2147483647;
			files = (
				06CF784C21C7A51200A052D7 /* NotificationService.swift in Sources */,
				06C5953424811505006B98F3 /* ArchiveSettingManager.swift in Sources */,
				06B11591247BC132006D91FB /* Message.swift in Sources */,
			);
			runOnlyForDeploymentPostprocessing = 0;
		};
/* End PBXSourcesBuildPhase section */

/* Begin PBXTargetDependency section */
		0632CE2920EC9098003FDF46 /* PBXTargetDependency */ = {
			isa = PBXTargetDependency;
			target = 0632CE1D20EC9098003FDF46 /* NotificationContentExtension */;
			targetProxy = 0632CE2820EC9098003FDF46 /* PBXContainerItemProxy */;
		};
		06CF784621C7A50300A052D7 /* PBXTargetDependency */ = {
			isa = PBXTargetDependency;
			target = 06CF783F21C7A50300A052D7 /* NotificationServiceExtension */;
			targetProxy = 06CF784521C7A50300A052D7 /* PBXContainerItemProxy */;
		};
/* End PBXTargetDependency section */

/* Begin PBXVariantGroup section */
		0632CE2420EC9098003FDF46 /* MainInterface.storyboard */ = {
			isa = PBXVariantGroup;
			children = (
				0632CE2520EC9098003FDF46 /* Base */,
			);
			name = MainInterface.storyboard;
			sourceTree = "<group>";
		};
		063C499720E36BF9001BCA35 /* Localizable.strings */ = {
			isa = PBXVariantGroup;
			children = (
				063C499620E36BF9001BCA35 /* en */,
				063C499820E36C15001BCA35 /* zh-Hans */,
			);
			name = Localizable.strings;
			sourceTree = "<group>";
		};
		0661A54B204FDA4100965E4E /* LaunchScreen.storyboard */ = {
			isa = PBXVariantGroup;
			children = (
				0661A54C204FDA4100965E4E /* Base */,
			);
			name = LaunchScreen.storyboard;
			sourceTree = "<group>";
		};
/* End PBXVariantGroup section */

/* Begin XCBuildConfiguration section */
		0632CE2B20EC9098003FDF46 /* Debug */ = {
			isa = XCBuildConfiguration;
			buildSettings = {
				CLANG_ENABLE_OBJC_WEAK = YES;
				CODE_SIGN_STYLE = Automatic;
				CURRENT_PROJECT_VERSION = 1;
				DEVELOPMENT_TEAM = 5U8LBRXG3A;
				INFOPLIST_FILE = NotificationContentExtension/Info.plist;
				IPHONEOS_DEPLOYMENT_TARGET = 11.0;
				LD_RUNPATH_SEARCH_PATHS = "$(inherited) @executable_path/Frameworks @executable_path/../../Frameworks";
				MARKETING_VERSION = 1.0.9;
				PRODUCT_BUNDLE_IDENTIFIER = me.fin.bark.NotificationContentExtension;
				PRODUCT_NAME = "$(TARGET_NAME)";
				SKIP_INSTALL = YES;
				SWIFT_VERSION = 5.0;
				TARGETED_DEVICE_FAMILY = 1;
			};
			name = Debug;
		};
		0632CE2C20EC9098003FDF46 /* Release */ = {
			isa = XCBuildConfiguration;
			buildSettings = {
				CLANG_ENABLE_OBJC_WEAK = YES;
				CODE_SIGN_STYLE = Automatic;
				CURRENT_PROJECT_VERSION = 1;
				DEVELOPMENT_TEAM = 5U8LBRXG3A;
				INFOPLIST_FILE = NotificationContentExtension/Info.plist;
				IPHONEOS_DEPLOYMENT_TARGET = 11.0;
				LD_RUNPATH_SEARCH_PATHS = "$(inherited) @executable_path/Frameworks @executable_path/../../Frameworks";
				MARKETING_VERSION = 1.0.9;
				PRODUCT_BUNDLE_IDENTIFIER = me.fin.bark.NotificationContentExtension;
				PRODUCT_NAME = "$(TARGET_NAME)";
				SKIP_INSTALL = YES;
				SWIFT_VERSION = 5.0;
				TARGETED_DEVICE_FAMILY = 1;
			};
			name = Release;
		};
		0661A54F204FDA4100965E4E /* Debug */ = {
			isa = XCBuildConfiguration;
			buildSettings = {
				ALWAYS_SEARCH_USER_PATHS = NO;
				CLANG_ANALYZER_LOCALIZABILITY_NONLOCALIZED = YES;
				CLANG_ANALYZER_NONNULL = YES;
				CLANG_ANALYZER_NUMBER_OBJECT_CONVERSION = YES_AGGRESSIVE;
				CLANG_CXX_LANGUAGE_STANDARD = "gnu++14";
				CLANG_CXX_LIBRARY = "libc++";
				CLANG_ENABLE_MODULES = YES;
				CLANG_ENABLE_OBJC_ARC = YES;
				CLANG_WARN_BLOCK_CAPTURE_AUTORELEASING = YES;
				CLANG_WARN_BOOL_CONVERSION = YES;
				CLANG_WARN_COMMA = YES;
				CLANG_WARN_CONSTANT_CONVERSION = YES;
				CLANG_WARN_DEPRECATED_OBJC_IMPLEMENTATIONS = YES;
				CLANG_WARN_DIRECT_OBJC_ISA_USAGE = YES_ERROR;
				CLANG_WARN_DOCUMENTATION_COMMENTS = YES;
				CLANG_WARN_EMPTY_BODY = YES;
				CLANG_WARN_ENUM_CONVERSION = YES;
				CLANG_WARN_INFINITE_RECURSION = YES;
				CLANG_WARN_INT_CONVERSION = YES;
				CLANG_WARN_NON_LITERAL_NULL_CONVERSION = YES;
				CLANG_WARN_OBJC_IMPLICIT_RETAIN_SELF = YES;
				CLANG_WARN_OBJC_LITERAL_CONVERSION = YES;
				CLANG_WARN_OBJC_ROOT_CLASS = YES_ERROR;
				CLANG_WARN_RANGE_LOOP_ANALYSIS = YES;
				CLANG_WARN_STRICT_PROTOTYPES = YES;
				CLANG_WARN_SUSPICIOUS_MOVE = YES;
				CLANG_WARN_UNGUARDED_AVAILABILITY = YES_AGGRESSIVE;
				CLANG_WARN_UNREACHABLE_CODE = YES;
				CLANG_WARN__DUPLICATE_METHOD_MATCH = YES;
				CODE_SIGN_IDENTITY = "iPhone Developer";
				COPY_PHASE_STRIP = NO;
				DEBUG_INFORMATION_FORMAT = dwarf;
				ENABLE_STRICT_OBJC_MSGSEND = YES;
				ENABLE_TESTABILITY = YES;
				GCC_C_LANGUAGE_STANDARD = gnu11;
				GCC_DYNAMIC_NO_PIC = NO;
				GCC_NO_COMMON_BLOCKS = YES;
				GCC_OPTIMIZATION_LEVEL = 0;
				GCC_PREPROCESSOR_DEFINITIONS = (
					"DEBUG=1",
					"$(inherited)",
				);
				GCC_WARN_64_TO_32_BIT_CONVERSION = YES;
				GCC_WARN_ABOUT_RETURN_TYPE = YES_ERROR;
				GCC_WARN_UNDECLARED_SELECTOR = YES;
				GCC_WARN_UNINITIALIZED_AUTOS = YES_AGGRESSIVE;
				GCC_WARN_UNUSED_FUNCTION = YES;
				GCC_WARN_UNUSED_VARIABLE = YES;
				IPHONEOS_DEPLOYMENT_TARGET = 11.2;
				MTL_ENABLE_DEBUG_INFO = YES;
				ONLY_ACTIVE_ARCH = YES;
				SDKROOT = iphoneos;
				SWIFT_ACTIVE_COMPILATION_CONDITIONS = DEBUG;
				SWIFT_OPTIMIZATION_LEVEL = "-Onone";
			};
			name = Debug;
		};
		0661A550204FDA4100965E4E /* Release */ = {
			isa = XCBuildConfiguration;
			buildSettings = {
				ALWAYS_SEARCH_USER_PATHS = NO;
				CLANG_ANALYZER_LOCALIZABILITY_NONLOCALIZED = YES;
				CLANG_ANALYZER_NONNULL = YES;
				CLANG_ANALYZER_NUMBER_OBJECT_CONVERSION = YES_AGGRESSIVE;
				CLANG_CXX_LANGUAGE_STANDARD = "gnu++14";
				CLANG_CXX_LIBRARY = "libc++";
				CLANG_ENABLE_MODULES = YES;
				CLANG_ENABLE_OBJC_ARC = YES;
				CLANG_WARN_BLOCK_CAPTURE_AUTORELEASING = YES;
				CLANG_WARN_BOOL_CONVERSION = YES;
				CLANG_WARN_COMMA = YES;
				CLANG_WARN_CONSTANT_CONVERSION = YES;
				CLANG_WARN_DEPRECATED_OBJC_IMPLEMENTATIONS = YES;
				CLANG_WARN_DIRECT_OBJC_ISA_USAGE = YES_ERROR;
				CLANG_WARN_DOCUMENTATION_COMMENTS = YES;
				CLANG_WARN_EMPTY_BODY = YES;
				CLANG_WARN_ENUM_CONVERSION = YES;
				CLANG_WARN_INFINITE_RECURSION = YES;
				CLANG_WARN_INT_CONVERSION = YES;
				CLANG_WARN_NON_LITERAL_NULL_CONVERSION = YES;
				CLANG_WARN_OBJC_IMPLICIT_RETAIN_SELF = YES;
				CLANG_WARN_OBJC_LITERAL_CONVERSION = YES;
				CLANG_WARN_OBJC_ROOT_CLASS = YES_ERROR;
				CLANG_WARN_RANGE_LOOP_ANALYSIS = YES;
				CLANG_WARN_STRICT_PROTOTYPES = YES;
				CLANG_WARN_SUSPICIOUS_MOVE = YES;
				CLANG_WARN_UNGUARDED_AVAILABILITY = YES_AGGRESSIVE;
				CLANG_WARN_UNREACHABLE_CODE = YES;
				CLANG_WARN__DUPLICATE_METHOD_MATCH = YES;
				CODE_SIGN_IDENTITY = "iPhone Developer";
				COPY_PHASE_STRIP = NO;
				DEBUG_INFORMATION_FORMAT = "dwarf-with-dsym";
				ENABLE_NS_ASSERTIONS = NO;
				ENABLE_STRICT_OBJC_MSGSEND = YES;
				GCC_C_LANGUAGE_STANDARD = gnu11;
				GCC_NO_COMMON_BLOCKS = YES;
				GCC_WARN_64_TO_32_BIT_CONVERSION = YES;
				GCC_WARN_ABOUT_RETURN_TYPE = YES_ERROR;
				GCC_WARN_UNDECLARED_SELECTOR = YES;
				GCC_WARN_UNINITIALIZED_AUTOS = YES_AGGRESSIVE;
				GCC_WARN_UNUSED_FUNCTION = YES;
				GCC_WARN_UNUSED_VARIABLE = YES;
				IPHONEOS_DEPLOYMENT_TARGET = 11.2;
				MTL_ENABLE_DEBUG_INFO = NO;
				SDKROOT = iphoneos;
				SWIFT_OPTIMIZATION_LEVEL = "-Owholemodule";
				VALIDATE_PRODUCT = YES;
			};
			name = Release;
		};
		0661A552204FDA4100965E4E /* Debug */ = {
			isa = XCBuildConfiguration;
			baseConfigurationReference = 87D1222A4C6E7283974A44C6 /* Pods-Bark.debug.xcconfig */;
			buildSettings = {
				ALWAYS_EMBED_SWIFT_STANDARD_LIBRARIES = YES;
				ASSETCATALOG_COMPILER_APPICON_NAME = AppIcon;
				CODE_SIGN_ENTITLEMENTS = Bark/Bark.entitlements;
				CODE_SIGN_STYLE = Automatic;
				CURRENT_PROJECT_VERSION = 1;
				DEVELOPMENT_TEAM = 5U8LBRXG3A;
				INFOPLIST_FILE = Bark/Info.plist;
				IPHONEOS_DEPLOYMENT_TARGET = 11.0;
				LD_RUNPATH_SEARCH_PATHS = "$(inherited) @executable_path/Frameworks";
				MARKETING_VERSION = 1.0.9;
				PRODUCT_BUNDLE_IDENTIFIER = me.fin.bark;
				PRODUCT_NAME = "$(TARGET_NAME)";
				SWIFT_VERSION = 5.0;
				TARGETED_DEVICE_FAMILY = 1;
			};
			name = Debug;
		};
		0661A553204FDA4100965E4E /* Release */ = {
			isa = XCBuildConfiguration;
			baseConfigurationReference = 1CC985CE300A858FF65E166A /* Pods-Bark.release.xcconfig */;
			buildSettings = {
				ALWAYS_EMBED_SWIFT_STANDARD_LIBRARIES = YES;
				ASSETCATALOG_COMPILER_APPICON_NAME = AppIcon;
				CODE_SIGN_ENTITLEMENTS = Bark/Bark.entitlements;
				CODE_SIGN_STYLE = Automatic;
				CURRENT_PROJECT_VERSION = 1;
				DEVELOPMENT_TEAM = 5U8LBRXG3A;
				INFOPLIST_FILE = Bark/Info.plist;
				IPHONEOS_DEPLOYMENT_TARGET = 11.0;
				LD_RUNPATH_SEARCH_PATHS = "$(inherited) @executable_path/Frameworks";
				MARKETING_VERSION = 1.0.9;
				PRODUCT_BUNDLE_IDENTIFIER = me.fin.bark;
				PRODUCT_NAME = "$(TARGET_NAME)";
				SWIFT_VERSION = 5.0;
				TARGETED_DEVICE_FAMILY = 1;
			};
			name = Release;
		};
		06CF784821C7A50300A052D7 /* Debug */ = {
			isa = XCBuildConfiguration;
			baseConfigurationReference = 08AEA046D1FD0D7950208796 /* Pods-NotificationServiceExtension.debug.xcconfig */;
			buildSettings = {
				CLANG_ENABLE_OBJC_WEAK = YES;
				CODE_SIGN_ENTITLEMENTS = NotificationServiceExtension/NotificationServiceExtension.entitlements;
				CODE_SIGN_STYLE = Automatic;
				CURRENT_PROJECT_VERSION = 1;
				DEVELOPMENT_TEAM = 5U8LBRXG3A;
				INFOPLIST_FILE = NotificationServiceExtension/Info.plist;
				IPHONEOS_DEPLOYMENT_TARGET = 11.0;
				LD_RUNPATH_SEARCH_PATHS = "$(inherited) @executable_path/Frameworks @executable_path/../../Frameworks";
				MARKETING_VERSION = 1.0.9;
				MTL_ENABLE_DEBUG_INFO = INCLUDE_SOURCE;
				MTL_FAST_MATH = YES;
				PRODUCT_BUNDLE_IDENTIFIER = me.fin.bark.NotificationServiceExtension;
				PRODUCT_NAME = "$(TARGET_NAME)";
				SKIP_INSTALL = YES;
				SWIFT_VERSION = 5.0;
				TARGETED_DEVICE_FAMILY = "1,2";
			};
			name = Debug;
		};
		06CF784921C7A50300A052D7 /* Release */ = {
			isa = XCBuildConfiguration;
			baseConfigurationReference = 68049930BAF79AFBD8B109B8 /* Pods-NotificationServiceExtension.release.xcconfig */;
			buildSettings = {
				CLANG_ENABLE_OBJC_WEAK = YES;
				CODE_SIGN_ENTITLEMENTS = NotificationServiceExtension/NotificationServiceExtension.entitlements;
				CODE_SIGN_STYLE = Automatic;
				CURRENT_PROJECT_VERSION = 1;
				DEVELOPMENT_TEAM = 5U8LBRXG3A;
				INFOPLIST_FILE = NotificationServiceExtension/Info.plist;
				IPHONEOS_DEPLOYMENT_TARGET = 11.0;
				LD_RUNPATH_SEARCH_PATHS = "$(inherited) @executable_path/Frameworks @executable_path/../../Frameworks";
				MARKETING_VERSION = 1.0.9;
				MTL_FAST_MATH = YES;
				PRODUCT_BUNDLE_IDENTIFIER = me.fin.bark.NotificationServiceExtension;
				PRODUCT_NAME = "$(TARGET_NAME)";
				SKIP_INSTALL = YES;
				SWIFT_VERSION = 5.0;
				TARGETED_DEVICE_FAMILY = "1,2";
			};
			name = Release;
		};
/* End XCBuildConfiguration section */

/* Begin XCConfigurationList section */
		0632CE2D20EC9098003FDF46 /* Build configuration list for PBXNativeTarget "NotificationContentExtension" */ = {
			isa = XCConfigurationList;
			buildConfigurations = (
				0632CE2B20EC9098003FDF46 /* Debug */,
				0632CE2C20EC9098003FDF46 /* Release */,
			);
			defaultConfigurationIsVisible = 0;
			defaultConfigurationName = Release;
		};
		0661A53A204FDA4100965E4E /* Build configuration list for PBXProject "Bark" */ = {
			isa = XCConfigurationList;
			buildConfigurations = (
				0661A54F204FDA4100965E4E /* Debug */,
				0661A550204FDA4100965E4E /* Release */,
			);
			defaultConfigurationIsVisible = 0;
			defaultConfigurationName = Release;
		};
		0661A551204FDA4100965E4E /* Build configuration list for PBXNativeTarget "Bark" */ = {
			isa = XCConfigurationList;
			buildConfigurations = (
				0661A552204FDA4100965E4E /* Debug */,
				0661A553204FDA4100965E4E /* Release */,
			);
			defaultConfigurationIsVisible = 0;
			defaultConfigurationName = Release;
		};
		06CF784A21C7A50300A052D7 /* Build configuration list for PBXNativeTarget "NotificationServiceExtension" */ = {
			isa = XCConfigurationList;
			buildConfigurations = (
				06CF784821C7A50300A052D7 /* Debug */,
				06CF784921C7A50300A052D7 /* Release */,
			);
			defaultConfigurationIsVisible = 0;
			defaultConfigurationName = Release;
		};
/* End XCConfigurationList section */
	};
	rootObject = 0661A537204FDA4100965E4E /* Project object */;
}
